
Microsoft Visual Studio Solution File, Format Version 12.00
# Visual Studio Version 16
VisualStudioVersion = 16.0.30717.126
MinimumVisualStudioVersion = 10.0.40219.1
Project("{FAE04EC0-301F-11D3-BF4B-00C04F79EFBC}") = "LandisGyr.ConsoleApp", "LandisGyr.Console\LandisGyr.ConsoleApp.csproj", "{12B89AF7-E734-48AF-BABE-253B6DA2B709}"
EndProject
Project("{2150E333-8FDC-42A3-9474-1A3956D46DE8}") = "LandisGyr.UnitTests", "LandisGyr.UnitTests", "{E9339EB2-7FF5-4626-95CD-88DF8FE70F1C}"
EndProject
Project("{9A19103F-16F7-4668-BE54-9A1E7A4F7556}") = "LandisGyr.UnitTests.Models", "LandisGyr.UnitTests.Models\LandisGyr.UnitTests.Models.csproj", "{FD479D6B-D35E-4FB8-9427-539764802FE4}"
EndProject
Global
	GlobalSection(SolutionConfigurationPlatforms) = preSolution
		Debug|Any CPU = Debug|Any CPU
		Release|Any CPU = Release|Any CPU
	EndGlobalSection
	GlobalSection(ProjectConfigurationPlatforms) = postSolution
		{12B89AF7-E734-48AF-BABE-253B6DA2B709}.Debug|Any CPU.ActiveCfg = Debug|Any CPU
		{12B89AF7-E734-48AF-BABE-253B6DA2B709}.Debug|Any CPU.Build.0 = Debug|Any CPU
		{12B89AF7-E734-48AF-BABE-253B6DA2B709}.Release|Any CPU.ActiveCfg = Release|Any CPU
		{12B89AF7-E734-48AF-BABE-253B6DA2B709}.Release|Any CPU.Build.0 = Release|Any CPU
		{FD479D6B-D35E-4FB8-9427-539764802FE4}.Debug|Any CPU.ActiveCfg = Debug|Any CPU
		{FD479D6B-D35E-4FB8-9427-539764802FE4}.Debug|Any CPU.Build.0 = Debug|Any CPU
		{FD479D6B-D35E-4FB8-9427-539764802FE4}.Release|Any CPU.ActiveCfg = Release|Any CPU
		{FD479D6B-D35E-4FB8-9427-539764802FE4}.Release|Any CPU.Build.0 = Release|Any CPU
	EndGlobalSection
	GlobalSection(SolutionProperties) = preSolution
		HideSolutionNode = FALSE
	EndGlobalSection
	GlobalSection(NestedProjects) = preSolution
		{FD479D6B-D35E-4FB8-9427-539764802FE4} = {E9339EB2-7FF5-4626-95CD-88DF8FE70F1C}
	EndGlobalSection
	GlobalSection(ExtensibilityGlobals) = postSolution
		SolutionGuid = {7A230017-1839-4838-A2A8-0975715FC20E}
	EndGlobalSection
EndGlobal
